
Microsoft Visual Studio Solution File, Format Version 12.00
# Visual Studio Version 17
VisualStudioVersion = 17.9.34622.214
MinimumVisualStudioVersion = 10.0.40219.1
Project("{9A19103F-16F7-4668-BE54-9A1E7A4F7556}") = "Goreu.Tramite.Api", "TramiteGoreu.Api\Goreu.Tramite.Api.csproj", "{EFB699D3-BB6A-4203-BAE5-7C0B519A14A5}"
EndProject
Project("{9A19103F-16F7-4668-BE54-9A1E7A4F7556}") = "Goreu.Tramite.Entities", "TramiteGoreu.Entities\Goreu.Tramite.Entities.csproj", "{CBFDC556-A19C-471C-9F8E-EF8012A1819E}"
EndProject
Project("{9A19103F-16F7-4668-BE54-9A1E7A4F7556}") = "Goreu.Tramite.Repositories", "TramiteGoreu.Repositories\Goreu.Tramite.Repositories.csproj", "{4E9BE4EE-1C4D-45DE-A70D-F4A06368886A}"
EndProject
Project("{9A19103F-16F7-4668-BE54-9A1E7A4F7556}") = "Goreu.Tramite.Persistence", "TramiteGoreu.Persistence\Goreu.Tramite.Persistence.csproj", "{16526869-7B45-4E8F-9624-0CABB13A9A4B}"
EndProject
Project("{9A19103F-16F7-4668-BE54-9A1E7A4F7556}") = "Goreu.Tramite.Dto", "TramiteGoreu.Dto\Goreu.Tramite.Dto.csproj", "{D7972191-FAE9-4E4F-AB84-722A6688CF0C}"
EndProject
Project("{9A19103F-16F7-4668-BE54-9A1E7A4F7556}") = "Goreu.Tramite.Services", "TramiteGoreu.Services\Goreu.Tramite.Services.csproj", "{F443DE61-8C73-4D9D-99DB-70DDBBDFFB3A}"
EndProject
Project("{2150E333-8FDC-42A3-9474-1A3956D46DE8}") = "TRAMITE", "TRAMITE", "{78D659BD-C15B-4D99-854C-0FD2DF969821}"
EndProject
Project("{2150E333-8FDC-42A3-9474-1A3956D46DE8}") = "FIRMA", "FIRMA", "{FFA3AE99-50C5-44E8-83B6-B8BEED1F785B}"
EndProject
Project("{2150E333-8FDC-42A3-9474-1A3956D46DE8}") = "BACKEND", "BACKEND", "{B0F05D39-C79C-4373-900F-93DD58B23BEC}"
EndProject
Project("{2150E333-8FDC-42A3-9474-1A3956D46DE8}") = "src", "src", "{62F08BB4-D76D-4DD8-ADCB-F95C1C774BA6}"
EndProject
Project("{2150E333-8FDC-42A3-9474-1A3956D46DE8}") = "1.- DataAccess", "1.- DataAccess", "{F7AA6590-8805-47B2-B90E-52599C048072}"
EndProject
Project("{2150E333-8FDC-42A3-9474-1A3956D46DE8}") = "2.- Business", "2.- Business", "{A9CE8B13-9327-4406-B4C5-83FCF26273DA}"
EndProject
Project("{2150E333-8FDC-42A3-9474-1A3956D46DE8}") = "3.- Application", "3.- Application", "{FDEA97E1-4923-4FE3-9DFD-664A91A4D0BC}"
EndProject
Project("{2150E333-8FDC-42A3-9474-1A3956D46DE8}") = "BACKEND", "BACKEND", "{12DFD1B3-683E-4662-B04D-BA016B40B4C1}"
EndProject
Project("{2150E333-8FDC-42A3-9474-1A3956D46DE8}") = "src", "src", "{8D3396A2-D03C-418A-858A-25BD07FB9F76}"
EndProject
Project("{2150E333-8FDC-42A3-9474-1A3956D46DE8}") = "2.- Business", "2.- Business", "{BEB26F55-3C4C-4F78-8D76-408675736FC4}"
EndProject
Project("{2150E333-8FDC-42A3-9474-1A3956D46DE8}") = "3.- Application", "3.- Application", "{E3B22BB9-D0E6-4A32-B750-8B5567A2065F}"
EndProject
Project("{9A19103F-16F7-4668-BE54-9A1E7A4F7556}") = "Goreu.Firma.Dto", "Goreu.Firma.Dto\Goreu.Firma.Dto.csproj", "{EAF74A54-BE84-4090-ABC5-D70B43F1EFEA}"
EndProject
Project("{9A19103F-16F7-4668-BE54-9A1E7A4F7556}") = "Goreu.Firma.Services", "Goreu.Firma.Services\Goreu.Firma.Services.csproj", "{0379754C-9E25-4A95-931F-8798C0A309DE}"
EndProject
Project("{9A19103F-16F7-4668-BE54-9A1E7A4F7556}") = "Goreu.Firma.API", "Goreu.Firma.API\Goreu.Firma.API.csproj", "{A679B1D4-4967-4B80-84BE-A6F05E34F7BC}"
EndProject
Project("{2150E333-8FDC-42A3-9474-1A3956D46DE8}") = "FRONTEND", "FRONTEND", "{16142202-15A7-4465-A20E-A1A0C16F0E3C}"
EndProject
Project("{2150E333-8FDC-42A3-9474-1A3956D46DE8}") = "src", "src", "{83E9006D-D8FC-44CC-9544-653C9F022D7F}"
EndProject
Project("{FAE04EC0-301F-11D3-BF4B-00C04F79EFBC}") = "Goreu.Firma.Web", "Goreu.Firma.Web\Goreu.Firma.Web.csproj", "{259D8926-8CEE-4794-9F39-54FB04B2CBFD}"
EndProject
Project("{2150E333-8FDC-42A3-9474-1A3956D46DE8}") = "ADMINISTRADOR", "ADMINISTRADOR", "{1D30DF69-5467-484D-930D-878127B26FBB}"
EndProject
Global
	GlobalSection(SolutionConfigurationPlatforms) = preSolution
		Debug|Any CPU = Debug|Any CPU
		Release|Any CPU = Release|Any CPU
	EndGlobalSection
	GlobalSection(ProjectConfigurationPlatforms) = postSolution
		{EFB699D3-BB6A-4203-BAE5-7C0B519A14A5}.Debug|Any CPU.ActiveCfg = Debug|Any CPU
		{EFB699D3-BB6A-4203-BAE5-7C0B519A14A5}.Debug|Any CPU.Build.0 = Debug|Any CPU
		{EFB699D3-BB6A-4203-BAE5-7C0B519A14A5}.Release|Any CPU.ActiveCfg = Release|Any CPU
		{EFB699D3-BB6A-4203-BAE5-7C0B519A14A5}.Release|Any CPU.Build.0 = Release|Any CPU
		{CBFDC556-A19C-471C-9F8E-EF8012A1819E}.Debug|Any CPU.ActiveCfg = Debug|Any CPU
		{CBFDC556-A19C-471C-9F8E-EF8012A1819E}.Debug|Any CPU.Build.0 = Debug|Any CPU
		{CBFDC556-A19C-471C-9F8E-EF8012A1819E}.Release|Any CPU.ActiveCfg = Release|Any CPU
		{CBFDC556-A19C-471C-9F8E-EF8012A1819E}.Release|Any CPU.Build.0 = Release|Any CPU
		{4E9BE4EE-1C4D-45DE-A70D-F4A06368886A}.Debug|Any CPU.ActiveCfg = Debug|Any CPU
		{4E9BE4EE-1C4D-45DE-A70D-F4A06368886A}.Debug|Any CPU.Build.0 = Debug|Any CPU
		{4E9BE4EE-1C4D-45DE-A70D-F4A06368886A}.Release|Any CPU.ActiveCfg = Release|Any CPU
		{4E9BE4EE-1C4D-45DE-A70D-F4A06368886A}.Release|Any CPU.Build.0 = Release|Any CPU
		{16526869-7B45-4E8F-9624-0CABB13A9A4B}.Debug|Any CPU.ActiveCfg = Debug|Any CPU
		{16526869-7B45-4E8F-9624-0CABB13A9A4B}.Debug|Any CPU.Build.0 = Debug|Any CPU
		{16526869-7B45-4E8F-9624-0CABB13A9A4B}.Release|Any CPU.ActiveCfg = Release|Any CPU
		{16526869-7B45-4E8F-9624-0CABB13A9A4B}.Release|Any CPU.Build.0 = Release|Any CPU
		{D7972191-FAE9-4E4F-AB84-722A6688CF0C}.Debug|Any CPU.ActiveCfg = Debug|Any CPU
		{D7972191-FAE9-4E4F-AB84-722A6688CF0C}.Debug|Any CPU.Build.0 = Debug|Any CPU
		{D7972191-FAE9-4E4F-AB84-722A6688CF0C}.Release|Any CPU.ActiveCfg = Release|Any CPU
		{D7972191-FAE9-4E4F-AB84-722A6688CF0C}.Release|Any CPU.Build.0 = Release|Any CPU
		{F443DE61-8C73-4D9D-99DB-70DDBBDFFB3A}.Debug|Any CPU.ActiveCfg = Debug|Any CPU
		{F443DE61-8C73-4D9D-99DB-70DDBBDFFB3A}.Debug|Any CPU.Build.0 = Debug|Any CPU
		{F443DE61-8C73-4D9D-99DB-70DDBBDFFB3A}.Release|Any CPU.ActiveCfg = Release|Any CPU
		{F443DE61-8C73-4D9D-99DB-70DDBBDFFB3A}.Release|Any CPU.Build.0 = Release|Any CPU
		{EAF74A54-BE84-4090-ABC5-D70B43F1EFEA}.Debug|Any CPU.ActiveCfg = Debug|Any CPU
		{EAF74A54-BE84-4090-ABC5-D70B43F1EFEA}.Debug|Any CPU.Build.0 = Debug|Any CPU
		{EAF74A54-BE84-4090-ABC5-D70B43F1EFEA}.Release|Any CPU.ActiveCfg = Release|Any CPU
		{EAF74A54-BE84-4090-ABC5-D70B43F1EFEA}.Release|Any CPU.Build.0 = Release|Any CPU
		{0379754C-9E25-4A95-931F-8798C0A309DE}.Debug|Any CPU.ActiveCfg = Debug|Any CPU
		{0379754C-9E25-4A95-931F-8798C0A309DE}.Debug|Any CPU.Build.0 = Debug|Any CPU
		{0379754C-9E25-4A95-931F-8798C0A309DE}.Release|Any CPU.ActiveCfg = Release|Any CPU
		{0379754C-9E25-4A95-931F-8798C0A309DE}.Release|Any CPU.Build.0 = Release|Any CPU
		{A679B1D4-4967-4B80-84BE-A6F05E34F7BC}.Debug|Any CPU.ActiveCfg = Debug|Any CPU
		{A679B1D4-4967-4B80-84BE-A6F05E34F7BC}.Debug|Any CPU.Build.0 = Debug|Any CPU
		{A679B1D4-4967-4B80-84BE-A6F05E34F7BC}.Release|Any CPU.ActiveCfg = Release|Any CPU
		{A679B1D4-4967-4B80-84BE-A6F05E34F7BC}.Release|Any CPU.Build.0 = Release|Any CPU
		{259D8926-8CEE-4794-9F39-54FB04B2CBFD}.Debug|Any CPU.ActiveCfg = Debug|Any CPU
		{259D8926-8CEE-4794-9F39-54FB04B2CBFD}.Debug|Any CPU.Build.0 = Debug|Any CPU
		{259D8926-8CEE-4794-9F39-54FB04B2CBFD}.Release|Any CPU.ActiveCfg = Release|Any CPU
		{259D8926-8CEE-4794-9F39-54FB04B2CBFD}.Release|Any CPU.Build.0 = Release|Any CPU
	EndGlobalSection
	GlobalSection(SolutionProperties) = preSolution
		HideSolutionNode = FALSE
	EndGlobalSection
	GlobalSection(NestedProjects) = preSolution
		{EFB699D3-BB6A-4203-BAE5-7C0B519A14A5} = {FDEA97E1-4923-4FE3-9DFD-664A91A4D0BC}
		{CBFDC556-A19C-471C-9F8E-EF8012A1819E} = {F7AA6590-8805-47B2-B90E-52599C048072}
		{4E9BE4EE-1C4D-45DE-A70D-F4A06368886A} = {F7AA6590-8805-47B2-B90E-52599C048072}
		{16526869-7B45-4E8F-9624-0CABB13A9A4B} = {F7AA6590-8805-47B2-B90E-52599C048072}
		{D7972191-FAE9-4E4F-AB84-722A6688CF0C} = {A9CE8B13-9327-4406-B4C5-83FCF26273DA}
		{F443DE61-8C73-4D9D-99DB-70DDBBDFFB3A} = {A9CE8B13-9327-4406-B4C5-83FCF26273DA}
		{B0F05D39-C79C-4373-900F-93DD58B23BEC} = {78D659BD-C15B-4D99-854C-0FD2DF969821}
		{62F08BB4-D76D-4DD8-ADCB-F95C1C774BA6} = {B0F05D39-C79C-4373-900F-93DD58B23BEC}
		{F7AA6590-8805-47B2-B90E-52599C048072} = {62F08BB4-D76D-4DD8-ADCB-F95C1C774BA6}
		{A9CE8B13-9327-4406-B4C5-83FCF26273DA} = {62F08BB4-D76D-4DD8-ADCB-F95C1C774BA6}
		{FDEA97E1-4923-4FE3-9DFD-664A91A4D0BC} = {62F08BB4-D76D-4DD8-ADCB-F95C1C774BA6}
		{12DFD1B3-683E-4662-B04D-BA016B40B4C1} = {FFA3AE99-50C5-44E8-83B6-B8BEED1F785B}
		{8D3396A2-D03C-418A-858A-25BD07FB9F76} = {12DFD1B3-683E-4662-B04D-BA016B40B4C1}
		{BEB26F55-3C4C-4F78-8D76-408675736FC4} = {8D3396A2-D03C-418A-858A-25BD07FB9F76}
		{E3B22BB9-D0E6-4A32-B750-8B5567A2065F} = {8D3396A2-D03C-418A-858A-25BD07FB9F76}
		{EAF74A54-BE84-4090-ABC5-D70B43F1EFEA} = {BEB26F55-3C4C-4F78-8D76-408675736FC4}
		{0379754C-9E25-4A95-931F-8798C0A309DE} = {BEB26F55-3C4C-4F78-8D76-408675736FC4}
		{A679B1D4-4967-4B80-84BE-A6F05E34F7BC} = {E3B22BB9-D0E6-4A32-B750-8B5567A2065F}
		{16142202-15A7-4465-A20E-A1A0C16F0E3C} = {FFA3AE99-50C5-44E8-83B6-B8BEED1F785B}
		{83E9006D-D8FC-44CC-9544-653C9F022D7F} = {16142202-15A7-4465-A20E-A1A0C16F0E3C}
		{259D8926-8CEE-4794-9F39-54FB04B2CBFD} = {83E9006D-D8FC-44CC-9544-653C9F022D7F}
	EndGlobalSection
	GlobalSection(ExtensibilityGlobals) = postSolution
		SolutionGuid = {93A3C880-6B76-4A0F-8F09-0BE6B7E1E1CD}
	EndGlobalSection
EndGlobal
